{
  "requires": true,
  "lockfileVersion": 1,
  "dependencies": {
    "buefy": {
      "version": "0.9.4",
      "resolved": "https://registry.npmjs.org/buefy/-/buefy-0.9.4.tgz",
      "integrity": "sha512-LRSIYVNrKTPQhmNRegASkntX+ObtZ7aSSA/3cybDKXzGtPNy8g8cl2tp79Rl8/LBVH/KkRT5rmmzJ21nxz9IcQ==",
      "requires": {
        "bulma": "0.9.1"
      }
    },
    "bulma": {
      "version": "0.9.1",
      "resolved": "https://registry.npmjs.org/bulma/-/bulma-0.9.1.tgz",
      "integrity": "sha512-LSF69OumXg2HSKl2+rN0/OEXJy7WFEb681wtBlNS/ulJYR27J3rORHibdXZ6GVb/vyUzzYK/Arjyh56wjbFedA=="
    },
    "vue-cli-plugin-buefy": {
      "version": "0.3.8",
      "resolved": "https://registry.npmjs.org/vue-cli-plugin-buefy/-/vue-cli-plugin-buefy-0.3.8.tgz",
      "integrity": "sha512-19tRQuNle2OF4BaYG9d69ysb2kgSzg32DrcEwNRzYtt7uQnTdYRJ6QtiTpBcEDvQamspLrPtCIu4Nmm0DsnJcA==",
      "dev": true
    }
  }
}
